
Microsoft Visual Studio Solution File, Format Version 12.00
# Visual Studio Version 17
VisualStudioVersion = 17.11.35327.3
MinimumVisualStudioVersion = 10.0.40219.1
Project("{FAE04EC0-301F-11D3-BF4B-00C04F79EFBC}") = "0004", "0004.csproj", "{22F9AC56-4C72-4ECA-942C-188CBBC6CF65}"
EndProject
Global
	GlobalSection(SolutionConfigurationPlatforms) = preSolution
		Debug|Any CPU = Debug|Any CPU
		Release|Any CPU = Release|Any CPU
	EndGlobalSection
	GlobalSection(ProjectConfigurationPlatforms) = postSolution
		{22F9AC56-4C72-4ECA-942C-188CBBC6CF65}.Debug|Any CPU.ActiveCfg = Debug|Any CPU
		{22F9AC56-4C72-4ECA-942C-188CBBC6CF65}.Debug|Any CPU.Build.0 = Debug|Any CPU
		{22F9AC56-4C72-4ECA-942C-188CBBC6CF65}.Release|Any CPU.ActiveCfg = Release|Any CPU
		{22F9AC56-4C72-4ECA-942C-188CBBC6CF65}.Release|Any CPU.Build.0 = Release|Any CPU
	EndGlobalSection
	GlobalSection(SolutionProperties) = preSolution
		HideSolutionNode = FALSE
	EndGlobalSection
	GlobalSection(ExtensibilityGlobals) = postSolution
		SolutionGuid = {BCD1DD86-CFC0-4677-BA76-07A4126C81B0}
	EndGlobalSection
EndGlobal
