
Microsoft Visual Studio Solution File, Format Version 12.00
# Visual Studio Version 17
VisualStudioVersion = 17.11.35327.3
MinimumVisualStudioVersion = 10.0.40219.1
Project("{FAE04EC0-301F-11D3-BF4B-00C04F79EFBC}") = "0003", "0003.csproj", "{D31B51DC-7AC7-40E9-A5E4-76A252D0FDFF}"
EndProject
Global
	GlobalSection(SolutionConfigurationPlatforms) = preSolution
		Debug|Any CPU = Debug|Any CPU
		Release|Any CPU = Release|Any CPU
	EndGlobalSection
	GlobalSection(ProjectConfigurationPlatforms) = postSolution
		{D31B51DC-7AC7-40E9-A5E4-76A252D0FDFF}.Debug|Any CPU.ActiveCfg = Debug|Any CPU
		{D31B51DC-7AC7-40E9-A5E4-76A252D0FDFF}.Debug|Any CPU.Build.0 = Debug|Any CPU
		{D31B51DC-7AC7-40E9-A5E4-76A252D0FDFF}.Release|Any CPU.ActiveCfg = Release|Any CPU
		{D31B51DC-7AC7-40E9-A5E4-76A252D0FDFF}.Release|Any CPU.Build.0 = Release|Any CPU
	EndGlobalSection
	GlobalSection(SolutionProperties) = preSolution
		HideSolutionNode = FALSE
	EndGlobalSection
	GlobalSection(ExtensibilityGlobals) = postSolution
		SolutionGuid = {D782F76C-371D-4F69-A800-36F1EF4270C8}
	EndGlobalSection
EndGlobal
