
Microsoft Visual Studio Solution File, Format Version 12.00
# Visual Studio Version 17
VisualStudioVersion = 17.11.35327.3
MinimumVisualStudioVersion = 10.0.40219.1
Project("{FAE04EC0-301F-11D3-BF4B-00C04F79EFBC}") = "Senha", "Senha.csproj", "{75BE3923-F703-455B-B93A-B78E1918553E}"
EndProject
Global
	GlobalSection(SolutionConfigurationPlatforms) = preSolution
		Debug|Any CPU = Debug|Any CPU
		Release|Any CPU = Release|Any CPU
	EndGlobalSection
	GlobalSection(ProjectConfigurationPlatforms) = postSolution
		{75BE3923-F703-455B-B93A-B78E1918553E}.Debug|Any CPU.ActiveCfg = Debug|Any CPU
		{75BE3923-F703-455B-B93A-B78E1918553E}.Debug|Any CPU.Build.0 = Debug|Any CPU
		{75BE3923-F703-455B-B93A-B78E1918553E}.Release|Any CPU.ActiveCfg = Release|Any CPU
		{75BE3923-F703-455B-B93A-B78E1918553E}.Release|Any CPU.Build.0 = Release|Any CPU
	EndGlobalSection
	GlobalSection(SolutionProperties) = preSolution
		HideSolutionNode = FALSE
	EndGlobalSection
	GlobalSection(ExtensibilityGlobals) = postSolution
		SolutionGuid = {BCD38912-1E52-417E-AEBE-5D602D0B4463}
	EndGlobalSection
EndGlobal
